// !$*UTF8*$!
{
	archiveVersion = 1;
	classes = {
	};
	objectVersion = 46;
	objects = {

/* Begin PBXBuildFile section */
		098C464D1CC0F04D00D8D885 /* AppDelegate.swift in Sources */ = {isa = PBXBuildFile; fileRef = 098C464C1CC0F04D00D8D885 /* AppDelegate.swift */; };
		098C464F1CC0F04D00D8D885 /* ViewController.swift in Sources */ = {isa = PBXBuildFile; fileRef = 098C464E1CC0F04D00D8D885 /* ViewController.swift */; };
		098C46521CC0F04D00D8D885 /* Main.storyboard in Resources */ = {isa = PBXBuildFile; fileRef = 098C46501CC0F04D00D8D885 /* Main.storyboard */; };
		098C46541CC0F04D00D8D885 /* Assets.xcassets in Resources */ = {isa = PBXBuildFile; fileRef = 098C46531CC0F04D00D8D885 /* Assets.xcassets */; };
		098C46571CC0F04D00D8D885 /* LaunchScreen.storyboard in Resources */ = {isa = PBXBuildFile; fileRef = 098C46551CC0F04D00D8D885 /* LaunchScreen.storyboard */; };
		098C465F1CC0F07800D8D885 /* FaceTracker.framework in Frameworks */ = {isa = PBXBuildFile; fileRef = 098C465E1CC0F07800D8D885 /* FaceTracker.framework */; };
		098C46601CC0F07800D8D885 /* FaceTracker.framework in Embed Frameworks */ = {isa = PBXBuildFile; fileRef = 098C465E1CC0F07800D8D885 /* FaceTracker.framework */; settings = {ATTRIBUTES = (CodeSignOnCopy, RemoveHeadersOnCopy, ); }; };
		099049841CC7AD4F00C61207 /* filterClass.swift in Sources */ = {isa = PBXBuildFile; fileRef = 099049831CC7AD4F00C61207 /* filterClass.swift */; };
		0990498B1CC9005D00C61207 /* processPointsClass.swift in Sources */ = {isa = PBXBuildFile; fileRef = 0990498A1CC9005D00C61207 /* processPointsClass.swift */; };
		09E6657C1CC7A0E200A6AB0F /* fillImageButton.swift in Sources */ = {isa = PBXBuildFile; fileRef = 09E6657B1CC7A0E200A6AB0F /* fillImageButton.swift */; };
		09FB03841CC92281000C170B /* rainbow.gif in Resources */ = {isa = PBXBuildFile; fileRef = 09FB03831CC92281000C170B /* rainbow.gif */; };
		09FB03861CC9250D000C170B /* waterFall.gif in Resources */ = {isa = PBXBuildFile; fileRef = 09FB03851CC9250D000C170B /* waterFall.gif */; };
		09FB03881CD23542000C170B /* screenshotViewController.swift in Sources */ = {isa = PBXBuildFile; fileRef = 09FB03871CD23542000C170B /* screenshotViewController.swift */; };
		09FB038A1CD28FC5000C170B /* captureScreen.swift in Sources */ = {isa = PBXBuildFile; fileRef = 09FB03891CD28FC5000C170B /* captureScreen.swift */; };
		7F625BDA291DA18D8A59E6F5 /* Pods_MyFaceTracking.framework in Frameworks */ = {isa = PBXBuildFile; fileRef = 4D64C2E76153FB114393411A /* Pods_MyFaceTracking.framework */; };
/* End PBXBuildFile section */

/* Begin PBXCopyFilesBuildPhase section */
		098C46611CC0F07800D8D885 /* Embed Frameworks */ = {
			isa = PBXCopyFilesBuildPhase;
			buildActionMask = 2147483647;
			dstPath = "";
			dstSubfolderSpec = 10;
			files = (
				098C46601CC0F07800D8D885 /* FaceTracker.framework in Embed Frameworks */,
			);
			name = "Embed Frameworks";
			runOnlyForDeploymentPostprocessing = 0;
		};
/* End PBXCopyFilesBuildPhase section */

/* Begin PBXFileReference section */
		098C46491CC0F04D00D8D885 /* MyFaceTracking.app */ = {isa = PBXFileReference; explicitFileType = wrapper.application; includeInIndex = 0; path = MyFaceTracking.app; sourceTree = BUILT_PRODUCTS_DIR; };
		098C464C1CC0F04D00D8D885 /* AppDelegate.swift */ = {isa = PBXFileReference; lastKnownFileType = sourcecode.swift; path = AppDelegate.swift; sourceTree = "<group>"; };
		098C464E1CC0F04D00D8D885 /* ViewController.swift */ = {isa = PBXFileReference; lastKnownFileType = sourcecode.swift; path = ViewController.swift; sourceTree = "<group>"; };
		098C46511CC0F04D00D8D885 /* Base */ = {isa = PBXFileReference; lastKnownFileType = file.storyboard; name = Base; path = Base.lproj/Main.storyboard; sourceTree = "<group>"; };
		098C46531CC0F04D00D8D885 /* Assets.xcassets */ = {isa = PBXFileReference; lastKnownFileType = folder.assetcatalog; path = Assets.xcassets; sourceTree = "<group>"; };
		098C46561CC0F04D00D8D885 /* Base */ = {isa = PBXFileReference; lastKnownFileType = file.storyboard; name = Base; path = Base.lproj/LaunchScreen.storyboard; sourceTree = "<group>"; };
		098C46581CC0F04D00D8D885 /* Info.plist */ = {isa = PBXFileReference; lastKnownFileType = text.plist.xml; path = Info.plist; sourceTree = "<group>"; };
		098C465E1CC0F07800D8D885 /* FaceTracker.framework */ = {isa = PBXFileReference; lastKnownFileType = wrapper.framework; path = FaceTracker.framework; sourceTree = "<group>"; };
		099049831CC7AD4F00C61207 /* filterClass.swift */ = {isa = PBXFileReference; fileEncoding = 4; lastKnownFileType = sourcecode.swift; path = filterClass.swift; sourceTree = "<group>"; };
		0990498A1CC9005D00C61207 /* processPointsClass.swift */ = {isa = PBXFileReference; fileEncoding = 4; lastKnownFileType = sourcecode.swift; path = processPointsClass.swift; sourceTree = "<group>"; };
		09E6657B1CC7A0E200A6AB0F /* fillImageButton.swift */ = {isa = PBXFileReference; fileEncoding = 4; lastKnownFileType = sourcecode.swift; path = fillImageButton.swift; sourceTree = "<group>"; };
		09FB03831CC92281000C170B /* rainbow.gif */ = {isa = PBXFileReference; lastKnownFileType = image.gif; path = rainbow.gif; sourceTree = "<group>"; };
		09FB03851CC9250D000C170B /* waterFall.gif */ = {isa = PBXFileReference; lastKnownFileType = image.gif; path = waterFall.gif; sourceTree = "<group>"; };
		09FB03871CD23542000C170B /* screenshotViewController.swift */ = {isa = PBXFileReference; fileEncoding = 4; lastKnownFileType = sourcecode.swift; path = screenshotViewController.swift; sourceTree = "<group>"; };
		09FB03891CD28FC5000C170B /* captureScreen.swift */ = {isa = PBXFileReference; fileEncoding = 4; lastKnownFileType = sourcecode.swift; path = captureScreen.swift; sourceTree = "<group>"; };
		4D64C2E76153FB114393411A /* Pods_MyFaceTracking.framework */ = {isa = PBXFileReference; explicitFileType = wrapper.framework; includeInIndex = 0; path = Pods_MyFaceTracking.framework; sourceTree = BUILT_PRODUCTS_DIR; };
		A120722CB51F8E85C33D45E4 /* Pods-MyFaceTracking.debug.xcconfig */ = {isa = PBXFileReference; includeInIndex = 1; lastKnownFileType = text.xcconfig; name = "Pods-MyFaceTracking.debug.xcconfig"; path = "Pods/Target Support Files/Pods-MyFaceTracking/Pods-MyFaceTracking.debug.xcconfig"; sourceTree = "<group>"; };
		EC234E5B0341F62420ECB75E /* Pods-MyFaceTracking.release.xcconfig */ = {isa = PBXFileReference; includeInIndex = 1; lastKnownFileType = text.xcconfig; name = "Pods-MyFaceTracking.release.xcconfig"; path = "Pods/Target Support Files/Pods-MyFaceTracking/Pods-MyFaceTracking.release.xcconfig"; sourceTree = "<group>"; };
/* End PBXFileReference section */

/* Begin PBXFrameworksBuildPhase section */
		098C46461CC0F04D00D8D885 /* Frameworks */ = {
			isa = PBXFrameworksBuildPhase;
			buildActionMask = 2147483647;
			files = (
				098C465F1CC0F07800D8D885 /* FaceTracker.framework in Frameworks */,
				7F625BDA291DA18D8A59E6F5 /* Pods_MyFaceTracking.framework in Frameworks */,
			);
			runOnlyForDeploymentPostprocessing = 0;
		};
/* End PBXFrameworksBuildPhase section */

/* Begin PBXGroup section */
		098C46401CC0F04D00D8D885 = {
			isa = PBXGroup;
			children = (
				098C465E1CC0F07800D8D885 /* FaceTracker.framework */,
				098C464B1CC0F04D00D8D885 /* MyFaceTracking */,
				098C464A1CC0F04D00D8D885 /* Products */,
				2C8A13E97A813BE0AC9BC735 /* Pods */,
				5F1840291318D03FA085F6BA /* Frameworks */,
			);
			sourceTree = "<group>";
		};
		098C464A1CC0F04D00D8D885 /* Products */ = {
			isa = PBXGroup;
			children = (
				098C46491CC0F04D00D8D885 /* MyFaceTracking.app */,
			);
			name = Products;
			sourceTree = "<group>";
		};
		098C464B1CC0F04D00D8D885 /* MyFaceTracking */ = {
			isa = PBXGroup;
			children = (
				098C464C1CC0F04D00D8D885 /* AppDelegate.swift */,
				098C464E1CC0F04D00D8D885 /* ViewController.swift */,
				09FB03871CD23542000C170B /* screenshotViewController.swift */,
				098C46501CC0F04D00D8D885 /* Main.storyboard */,
				09FB03801CC9211C000C170B /* gif */,
				098C46531CC0F04D00D8D885 /* Assets.xcassets */,
				098C46551CC0F04D00D8D885 /* LaunchScreen.storyboard */,
				09E6657A1CC7A0CC00A6AB0F /* Tools */,
				098C46581CC0F04D00D8D885 /* Info.plist */,
			);
			path = MyFaceTracking;
			sourceTree = "<group>";
		};
		09E6657A1CC7A0CC00A6AB0F /* Tools */ = {
			isa = PBXGroup;
			children = (
				09E6657B1CC7A0E200A6AB0F /* fillImageButton.swift */,
				09FB03891CD28FC5000C170B /* captureScreen.swift */,
				099049831CC7AD4F00C61207 /* filterClass.swift */,
				0990498A1CC9005D00C61207 /* processPointsClass.swift */,
			);
			name = Tools;
			sourceTree = "<group>";
		};
		09FB03801CC9211C000C170B /* gif */ = {
			isa = PBXGroup;
			children = (
				09FB03851CC9250D000C170B /* waterFall.gif */,
				09FB03831CC92281000C170B /* rainbow.gif */,
			);
			name = gif;
			sourceTree = "<group>";
		};
		2C8A13E97A813BE0AC9BC735 /* Pods */ = {
			isa = PBXGroup;
			children = (
				A120722CB51F8E85C33D45E4 /* Pods-MyFaceTracking.debug.xcconfig */,
				EC234E5B0341F62420ECB75E /* Pods-MyFaceTracking.release.xcconfig */,
			);
			name = Pods;
			sourceTree = "<group>";
		};
		5F1840291318D03FA085F6BA /* Frameworks */ = {
			isa = PBXGroup;
			children = (
				4D64C2E76153FB114393411A /* Pods_MyFaceTracking.framework */,
			);
			name = Frameworks;
			sourceTree = "<group>";
		};
/* End PBXGroup section */

/* Begin PBXNativeTarget section */
		098C46481CC0F04D00D8D885 /* MyFaceTracking */ = {
			isa = PBXNativeTarget;
			buildConfigurationList = 098C465B1CC0F04D00D8D885 /* Build configuration list for PBXNativeTarget "MyFaceTracking" */;
			buildPhases = (
				07EF74735709070F700D467E /* Check Pods Manifest.lock */,
				098C46451CC0F04D00D8D885 /* Sources */,
				098C46461CC0F04D00D8D885 /* Frameworks */,
				098C46471CC0F04D00D8D885 /* Resources */,
				098C46611CC0F07800D8D885 /* Embed Frameworks */,
				338113A9D7A8DD97B82FBA23 /* Embed Pods Frameworks */,
				24D044F308EDAB4EE10554CF /* Copy Pods Resources */,
			);
			buildRules = (
			);
			dependencies = (
			);
			name = MyFaceTracking;
			productName = MyFaceTracking;
			productReference = 098C46491CC0F04D00D8D885 /* MyFaceTracking.app */;
			productType = "com.apple.product-type.application";
		};
/* End PBXNativeTarget section */

/* Begin PBXProject section */
		098C46411CC0F04D00D8D885 /* Project object */ = {
			isa = PBXProject;
			attributes = {
				LastSwiftUpdateCheck = 0730;
				LastUpgradeCheck = 0730;
				ORGANIZATIONNAME = "Soto Yanis";
				TargetAttributes = {
					098C46481CC0F04D00D8D885 = {
						CreatedOnToolsVersion = 7.3;
						DevelopmentTeam = AP425WG355;
					};
				};
			};
			buildConfigurationList = 098C46441CC0F04D00D8D885 /* Build configuration list for PBXProject "MyFaceTracking" */;
			compatibilityVersion = "Xcode 3.2";
			developmentRegion = English;
			hasScannedForEncodings = 0;
			knownRegions = (
				en,
				Base,
			);
			mainGroup = 098C46401CC0F04D00D8D885;
			productRefGroup = 098C464A1CC0F04D00D8D885 /* Products */;
			projectDirPath = "";
			projectRoot = "";
			targets = (
				098C46481CC0F04D00D8D885 /* MyFaceTracking */,
			);
		};
/* End PBXProject section */

/* Begin PBXResourcesBuildPhase section */
		098C46471CC0F04D00D8D885 /* Resources */ = {
			isa = PBXResourcesBuildPhase;
			buildActionMask = 2147483647;
			files = (
				09FB03861CC9250D000C170B /* waterFall.gif in Resources */,
				098C46571CC0F04D00D8D885 /* LaunchScreen.storyboard in Resources */,
				09FB03841CC92281000C170B /* rainbow.gif in Resources */,
				098C46541CC0F04D00D8D885 /* Assets.xcassets in Resources */,
				098C46521CC0F04D00D8D885 /* Main.storyboard in Resources */,
			);
			runOnlyForDeploymentPostprocessing = 0;
		};
/* End PBXResourcesBuildPhase section */

/* Begin PBXShellScriptBuildPhase section */
		07EF74735709070F700D467E /* Check Pods Manifest.lock */ = {
			isa = PBXShellScriptBuildPhase;
			buildActionMask = 2147483647;
			files = (
			);
			inputPaths = (
			);
			name = "Check Pods Manifest.lock";
			outputPaths = (
			);
			runOnlyForDeploymentPostprocessing = 0;
			shellPath = /bin/sh;
			shellScript = "diff \"${PODS_ROOT}/../Podfile.lock\" \"${PODS_ROOT}/Manifest.lock\" > /dev/null\nif [[ $? != 0 ]] ; then\n    cat << EOM\nerror: The sandbox is not in sync with the Podfile.lock. Run 'pod install' or update your CocoaPods installation.\nEOM\n    exit 1\nfi\n";
			showEnvVarsInLog = 0;
		};
		24D044F308EDAB4EE10554CF /* Copy Pods Resources */ = {
			isa = PBXShellScriptBuildPhase;
			buildActionMask = 2147483647;
			files = (
			);
			inputPaths = (
			);
			name = "Copy Pods Resources";
			outputPaths = (
			);
			runOnlyForDeploymentPostprocessing = 0;
			shellPath = /bin/sh;
			shellScript = "\"${SRCROOT}/Pods/Target Support Files/Pods-MyFaceTracking/Pods-MyFaceTracking-resources.sh\"\n";
			showEnvVarsInLog = 0;
		};
		338113A9D7A8DD97B82FBA23 /* Embed Pods Frameworks */ = {
			isa = PBXShellScriptBuildPhase;
			buildActionMask = 2147483647;
			files = (
			);
			inputPaths = (
			);
			name = "Embed Pods Frameworks";
			outputPaths = (
			);
			runOnlyForDeploymentPostprocessing = 0;
			shellPath = /bin/sh;
			shellScript = "\"${SRCROOT}/Pods/Target Support Files/Pods-MyFaceTracking/Pods-MyFaceTracking-frameworks.sh\"\n";
			showEnvVarsInLog = 0;
		};
/* End PBXShellScriptBuildPhase section */

/* Begin PBXSourcesBuildPhase section */
		098C46451CC0F04D00D8D885 /* Sources */ = {
			isa = PBXSourcesBuildPhase;
			buildActionMask = 2147483647;
			files = (
				099049841CC7AD4F00C61207 /* filterClass.swift in Sources */,
				098C464F1CC0F04D00D8D885 /* ViewController.swift in Sources */,
				098C464D1CC0F04D00D8D885 /* AppDelegate.swift in Sources */,
				0990498B1CC9005D00C61207 /* processPointsClass.swift in Sources */,
				09FB038A1CD28FC5000C170B /* captureScreen.swift in Sources */,
				09FB03881CD23542000C170B /* screenshotViewController.swift in Sources */,
				09E6657C1CC7A0E200A6AB0F /* fillImageButton.swift in Sources */,
			);
			runOnlyForDeploymentPostprocessing = 0;
		};
/* End PBXSourcesBuildPhase section */

/* Begin PBXVariantGroup section */
		098C46501CC0F04D00D8D885 /* Main.storyboard */ = {
			isa = PBXVariantGroup;
			children = (
				098C46511CC0F04D00D8D885 /* Base */,
			);
			name = Main.storyboard;
			sourceTree = "<group>";
		};
		098C46551CC0F04D00D8D885 /* LaunchScreen.storyboard */ = {
			isa = PBXVariantGroup;
			children = (
				098C46561CC0F04D00D8D885 /* Base */,
			);
			name = LaunchScreen.storyboard;
			sourceTree = "<group>";
		};
/* End PBXVariantGroup section */

/* Begin XCBuildConfiguration section */
		098C46591CC0F04D00D8D885 /* Debug */ = {
			isa = XCBuildConfiguration;
			buildSettings = {
				ALWAYS_SEARCH_USER_PATHS = NO;
				CLANG_ANALYZER_NONNULL = YES;
				CLANG_CXX_LANGUAGE_STANDARD = "gnu++0x";
				CLANG_CXX_LIBRARY = "libc++";
				CLANG_ENABLE_MODULES = YES;
				CLANG_ENABLE_OBJC_ARC = YES;
				CLANG_WARN_BOOL_CONVERSION = YES;
				CLANG_WARN_CONSTANT_CONVERSION = YES;
				CLANG_WARN_DIRECT_OBJC_ISA_USAGE = YES_ERROR;
				CLANG_WARN_EMPTY_BODY = YES;
				CLANG_WARN_ENUM_CONVERSION = YES;
				CLANG_WARN_INT_CONVERSION = YES;
				CLANG_WARN_OBJC_ROOT_CLASS = YES_ERROR;
				CLANG_WARN_UNREACHABLE_CODE = YES;
				CLANG_WARN__DUPLICATE_METHOD_MATCH = YES;
				"CODE_SIGN_IDENTITY[sdk=iphoneos*]" = "iPhone Developer";
				COPY_PHASE_STRIP = NO;
				DEBUG_INFORMATION_FORMAT = dwarf;
				ENABLE_STRICT_OBJC_MSGSEND = YES;
				ENABLE_TESTABILITY = YES;
				GCC_C_LANGUAGE_STANDARD = gnu99;
				GCC_DYNAMIC_NO_PIC = NO;
				GCC_NO_COMMON_BLOCKS = YES;
				GCC_OPTIMIZATION_LEVEL = 0;
				GCC_PREPROCESSOR_DEFINITIONS = (
					"DEBUG=1",
					"$(inherited)",
				);
				GCC_WARN_64_TO_32_BIT_CONVERSION = YES;
				GCC_WARN_ABOUT_RETURN_TYPE = YES_ERROR;
				GCC_WARN_UNDECLARED_SELECTOR = YES;
				GCC_WARN_UNINITIALIZED_AUTOS = YES_AGGRESSIVE;
				GCC_WARN_UNUSED_FUNCTION = YES;
				GCC_WARN_UNUSED_VARIABLE = YES;
				IPHONEOS_DEPLOYMENT_TARGET = 9.3;
				MTL_ENABLE_DEBUG_INFO = YES;
				ONLY_ACTIVE_ARCH = YES;
				SDKROOT = iphoneos;
				SWIFT_OPTIMIZATION_LEVEL = "-Onone";
			};
			name = Debug;
		};
		098C465A1CC0F04D00D8D885 /* Release */ = {
			isa = XCBuildConfiguration;
			buildSettings = {
				ALWAYS_SEARCH_USER_PATHS = NO;
				CLANG_ANALYZER_NONNULL = YES;
				CLANG_CXX_LANGUAGE_STANDARD = "gnu++0x";
				CLANG_CXX_LIBRARY = "libc++";
				CLANG_ENABLE_MODULES = YES;
				CLANG_ENABLE_OBJC_ARC = YES;
				CLANG_WARN_BOOL_CONVERSION = YES;
				CLANG_WARN_CONSTANT_CONVERSION = YES;
				CLANG_WARN_DIRECT_OBJC_ISA_USAGE = YES_ERROR;
				CLANG_WARN_EMPTY_BODY = YES;
				CLANG_WARN_ENUM_CONVERSION = YES;
				CLANG_WARN_INT_CONVERSION = YES;
				CLANG_WARN_OBJC_ROOT_CLASS = YES_ERROR;
				CLANG_WARN_UNREACHABLE_CODE = YES;
				CLANG_WARN__DUPLICATE_METHOD_MATCH = YES;
				"CODE_SIGN_IDENTITY[sdk=iphoneos*]" = "iPhone Developer";
				COPY_PHASE_STRIP = NO;
				DEBUG_INFORMATION_FORMAT = "dwarf-with-dsym";
				ENABLE_NS_ASSERTIONS = NO;
				ENABLE_STRICT_OBJC_MSGSEND = YES;
				GCC_C_LANGUAGE_STANDARD = gnu99;
				GCC_NO_COMMON_BLOCKS = YES;
				GCC_WARN_64_TO_32_BIT_CONVERSION = YES;
				GCC_WARN_ABOUT_RETURN_TYPE = YES_ERROR;
				GCC_WARN_UNDECLARED_SELECTOR = YES;
				GCC_WARN_UNINITIALIZED_AUTOS = YES_AGGRESSIVE;
				GCC_WARN_UNUSED_FUNCTION = YES;
				GCC_WARN_UNUSED_VARIABLE = YES;
				IPHONEOS_DEPLOYMENT_TARGET = 9.3;
				MTL_ENABLE_DEBUG_INFO = NO;
				SDKROOT = iphoneos;
				VALIDATE_PRODUCT = YES;
			};
			name = Release;
		};
		098C465C1CC0F04D00D8D885 /* Debug */ = {
			isa = XCBuildConfiguration;
			baseConfigurationReference = A120722CB51F8E85C33D45E4 /* Pods-MyFaceTracking.debug.xcconfig */;
			buildSettings = {
				ASSETCATALOG_COMPILER_APPICON_NAME = AppIcon;
				ENABLE_BITCODE = NO;
				FRAMEWORK_SEARCH_PATHS = (
					"$(inherited)",
					"$(PROJECT_DIR)",
				);
				INFOPLIST_FILE = MyFaceTracking/Info.plist;
				LD_RUNPATH_SEARCH_PATHS = "$(inherited) @executable_path/Frameworks";
				PRODUCT_BUNDLE_IDENTIFIER = com.sotoyanis.MyFaceTracking;
				PRODUCT_NAME = "$(TARGET_NAME)";
			};
			name = Debug;
		};
		098C465D1CC0F04D00D8D885 /* Release */ = {
			isa = XCBuildConfiguration;
			baseConfigurationReference = EC234E5B0341F62420ECB75E /* Pods-MyFaceTracking.release.xcconfig */;
			buildSettings = {
				ASSETCATALOG_COMPILER_APPICON_NAME = AppIcon;
				ENABLE_BITCODE = NO;
				FRAMEWORK_SEARCH_PATHS = (
					"$(inherited)",
					"$(PROJECT_DIR)",
				);
				INFOPLIST_FILE = MyFaceTracking/Info.plist;
				LD_RUNPATH_SEARCH_PATHS = "$(inherited) @executable_path/Frameworks";
				PRODUCT_BUNDLE_IDENTIFIER = com.sotoyanis.MyFaceTracking;
				PRODUCT_NAME = "$(TARGET_NAME)";
			};
			name = Release;
		};
/* End XCBuildConfiguration section */

/* Begin XCConfigurationList section */
		098C46441CC0F04D00D8D885 /* Build configuration list for PBXProject "MyFaceTracking" */ = {
			isa = XCConfigurationList;
			buildConfigurations = (
				098C46591CC0F04D00D8D885 /* Debug */,
				098C465A1CC0F04D00D8D885 /* Release */,
			);
			defaultConfigurationIsVisible = 0;
			defaultConfigurationName = Release;
		};
		098C465B1CC0F04D00D8D885 /* Build configuration list for PBXNativeTarget "MyFaceTracking" */ = {
			isa = XCConfigurationList;
			buildConfigurations = (
				098C465C1CC0F04D00D8D885 /* Debug */,
				098C465D1CC0F04D00D8D885 /* Release */,
			);
			defaultConfigurationIsVisible = 0;
			defaultConfigurationName = Release;
		};
/* End XCConfigurationList section */
	};
	rootObject = 098C46411CC0F04D00D8D885 /* Project object */;
}
